
Microsoft Visual Studio Solution File, Format Version 12.00
# Visual Studio Version 17
VisualStudioVersion = 17.0.31423.177
MinimumVisualStudioVersion = 10.0.40219.1
Project("{9A19103F-16F7-4668-BE54-9A1E7A4F7556}") = "MiniCactpotSolver", "MiniCactpotSolver\MiniCactpotSolver.csproj", "{B5AD85D8-F5F5-42F5-909F-1DB5AAA0140F}"
EndProject
Project("{2150E333-8FDC-42A3-9474-1A3956D46DE8}") = "Solution Items", "Solution Items", "{607C2A8D-DCFB-491F-8F6F-C0A173E39383}"
	ProjectSection(SolutionItems) = preProject
		.editorconfig = .editorconfig
		.gitignore = .gitignore
	EndProjectSection
EndProject
Project("{2150E333-8FDC-42A3-9474-1A3956D46DE8}") = "Github Actions", "Github Actions", "{FC25FD7B-6740-4024-B34A-F4451AB02FA8}"
	ProjectSection(SolutionItems) = preProject
		.github\workflows\build.yml = .github\workflows\build.yml
	EndProjectSection
EndProject
Project("{9A19103F-16F7-4668-BE54-9A1E7A4F7556}") = "FFXIVClientStructs", "lib\FFXIVClientStructs\FFXIVClientStructs\FFXIVClientStructs.csproj", "{768E0191-CEE3-4BC6-9305-73FD2CE5BB15}"
EndProject
Global
	GlobalSection(SolutionConfigurationPlatforms) = preSolution
		Debug|x64 = Debug|x64
		Release|x64 = Release|x64
	EndGlobalSection
	GlobalSection(ProjectConfigurationPlatforms) = postSolution
		{B5AD85D8-F5F5-42F5-909F-1DB5AAA0140F}.Debug|x64.ActiveCfg = Debug|x64
		{B5AD85D8-F5F5-42F5-909F-1DB5AAA0140F}.Debug|x64.Build.0 = Debug|x64
		{B5AD85D8-F5F5-42F5-909F-1DB5AAA0140F}.Release|x64.ActiveCfg = Release|x64
		{B5AD85D8-F5F5-42F5-909F-1DB5AAA0140F}.Release|x64.Build.0 = Release|x64
		{768E0191-CEE3-4BC6-9305-73FD2CE5BB15}.Debug|x64.ActiveCfg = Debug|Any CPU
		{768E0191-CEE3-4BC6-9305-73FD2CE5BB15}.Debug|x64.Build.0 = Debug|Any CPU
		{768E0191-CEE3-4BC6-9305-73FD2CE5BB15}.Release|x64.ActiveCfg = Release|Any CPU
		{768E0191-CEE3-4BC6-9305-73FD2CE5BB15}.Release|x64.Build.0 = Release|Any CPU
	EndGlobalSection
	GlobalSection(SolutionProperties) = preSolution
		HideSolutionNode = FALSE
	EndGlobalSection
	GlobalSection(ExtensibilityGlobals) = postSolution
		SolutionGuid = {70EF6EE5-D7D7-4FC3-ADB6-7369AA316AEB}
	EndGlobalSection
EndGlobal
